
Microsoft Visual Studio Solution File, Format Version 12.00
# Visual Studio Version 16
VisualStudioVersion = 16.0.30114.105
MinimumVisualStudioVersion = 10.0.40219.1
Project("{FAE04EC0-301F-11D3-BF4B-00C04F79EFBC}") = "port_scan", "port_scan.csproj", "{094FB5F4-6FD2-4318-B830-0D8C6DC3F325}"
EndProject
Global
	GlobalSection(SolutionConfigurationPlatforms) = preSolution
		Debug|Any CPU = Debug|Any CPU
		Release|Any CPU = Release|Any CPU
	EndGlobalSection
	GlobalSection(ProjectConfigurationPlatforms) = postSolution
		{094FB5F4-6FD2-4318-B830-0D8C6DC3F325}.Debug|Any CPU.ActiveCfg = Debug|Any CPU
		{094FB5F4-6FD2-4318-B830-0D8C6DC3F325}.Debug|Any CPU.Build.0 = Debug|Any CPU
		{094FB5F4-6FD2-4318-B830-0D8C6DC3F325}.Release|Any CPU.ActiveCfg = Release|Any CPU
		{094FB5F4-6FD2-4318-B830-0D8C6DC3F325}.Release|Any CPU.Build.0 = Release|Any CPU
	EndGlobalSection
	GlobalSection(SolutionProperties) = preSolution
		HideSolutionNode = FALSE
	EndGlobalSection
	GlobalSection(ExtensibilityGlobals) = postSolution
		SolutionGuid = {F55B3DC4-22EF-4590-ABF9-DFE50814B080}
	EndGlobalSection
EndGlobal
